
Microsoft Visual Studio Solution File, Format Version 12.00
# Visual Studio 15
VisualStudioVersion = 15.0.28307.705
MinimumVisualStudioVersion = 10.0.40219.1
Project("{9A19103F-16F7-4668-BE54-9A1E7A4F7556}") = "ProAgil.WebApi", "ProAgil.WebApi.csproj", "{F268BD2E-A913-4779-9DD6-8B412D76C7D5}"
EndProject
Global
	GlobalSection(SolutionConfigurationPlatforms) = preSolution
		Debug|Any CPU = Debug|Any CPU
		Release|Any CPU = Release|Any CPU
	EndGlobalSection
	GlobalSection(ProjectConfigurationPlatforms) = postSolution
		{F268BD2E-A913-4779-9DD6-8B412D76C7D5}.Debug|Any CPU.ActiveCfg = Debug|Any CPU
		{F268BD2E-A913-4779-9DD6-8B412D76C7D5}.Debug|Any CPU.Build.0 = Debug|Any CPU
		{F268BD2E-A913-4779-9DD6-8B412D76C7D5}.Release|Any CPU.ActiveCfg = Release|Any CPU
		{F268BD2E-A913-4779-9DD6-8B412D76C7D5}.Release|Any CPU.Build.0 = Release|Any CPU
	EndGlobalSection
	GlobalSection(SolutionProperties) = preSolution
		HideSolutionNode = FALSE
	EndGlobalSection
	GlobalSection(ExtensibilityGlobals) = postSolution
		SolutionGuid = {FA5212C2-1BD7-4206-A4E5-AE718093DE78}
	EndGlobalSection
EndGlobal
